
Microsoft Visual Studio Solution File, Format Version 12.00
# Visual Studio Version 17
VisualStudioVersion = 17.5.002.0
MinimumVisualStudioVersion = 10.0.40219.1
Project("{9A19103F-16F7-4668-BE54-9A1E7A4F7556}") = "azure-search-function", "api\azure-search-function.csproj", "{416D3A3E-1837-4920-B4EF-E72B48AC456F}"
EndProject
Project("{9A19103F-16F7-4668-BE54-9A1E7A4F7556}") = "BulkInsert", "bulk-insert\BulkInsert.csproj", "{057F6950-B953-4C3B-B238-A8D451FE6858}"
EndProject
Global
	GlobalSection(SolutionConfigurationPlatforms) = preSolution
		Debug|Any CPU = Debug|Any CPU
		Release|Any CPU = Release|Any CPU
	EndGlobalSection
	GlobalSection(ProjectConfigurationPlatforms) = postSolution
		{416D3A3E-1837-4920-B4EF-E72B48AC456F}.Debug|Any CPU.ActiveCfg = Debug|Any CPU
		{416D3A3E-1837-4920-B4EF-E72B48AC456F}.Debug|Any CPU.Build.0 = Debug|Any CPU
		{416D3A3E-1837-4920-B4EF-E72B48AC456F}.Release|Any CPU.ActiveCfg = Release|Any CPU
		{416D3A3E-1837-4920-B4EF-E72B48AC456F}.Release|Any CPU.Build.0 = Release|Any CPU
		{057F6950-B953-4C3B-B238-A8D451FE6858}.Debug|Any CPU.ActiveCfg = Debug|Any CPU
		{057F6950-B953-4C3B-B238-A8D451FE6858}.Debug|Any CPU.Build.0 = Debug|Any CPU
		{057F6950-B953-4C3B-B238-A8D451FE6858}.Release|Any CPU.ActiveCfg = Release|Any CPU
		{057F6950-B953-4C3B-B238-A8D451FE6858}.Release|Any CPU.Build.0 = Release|Any CPU
	EndGlobalSection
	GlobalSection(SolutionProperties) = preSolution
		HideSolutionNode = FALSE
	EndGlobalSection
	GlobalSection(ExtensibilityGlobals) = postSolution
		SolutionGuid = {6BBDD7FB-01CD-4294-8D9D-A92DB1388BF4}
	EndGlobalSection
EndGlobal
